
Microsoft Visual Studio Solution File, Format Version 12.00
# Visual Studio Version 16
VisualStudioVersion = 16.0.31702.278
MinimumVisualStudioVersion = 10.0.40219.1
Project("{FAE04EC0-301F-11D3-BF4B-00C04F79EFBC}") = "Cryptography", "Pr_2C_3334\Cryptography.csproj", "{2F4DA461-D51F-43F2-A925-20365C77688B}"
EndProject
Global
	GlobalSection(SolutionConfigurationPlatforms) = preSolution
		Debug|Any CPU = Debug|Any CPU
		Release|Any CPU = Release|Any CPU
	EndGlobalSection
	GlobalSection(ProjectConfigurationPlatforms) = postSolution
		{2F4DA461-D51F-43F2-A925-20365C77688B}.Debug|Any CPU.ActiveCfg = Debug|Any CPU
		{2F4DA461-D51F-43F2-A925-20365C77688B}.Debug|Any CPU.Build.0 = Debug|Any CPU
		{2F4DA461-D51F-43F2-A925-20365C77688B}.Release|Any CPU.ActiveCfg = Release|Any CPU
		{2F4DA461-D51F-43F2-A925-20365C77688B}.Release|Any CPU.Build.0 = Release|Any CPU
	EndGlobalSection
	GlobalSection(SolutionProperties) = preSolution
		HideSolutionNode = FALSE
	EndGlobalSection
	GlobalSection(ExtensibilityGlobals) = postSolution
		SolutionGuid = {1C0DE912-2A78-45A4-B026-7047D5B66368}
	EndGlobalSection
EndGlobal
